<Solution>
  <Folder Name="/Solution Items/">
    <File Path="docker-compose.yaml" />
    <File Path="README.md" />
  </Folder>
  <Project Path="RewardFlow.API\RewardFlow.API.csproj" />
  <Project Path="RewardFlow.IntegrationTests/RewardFlow.IntegrationTests.csproj" />
  <Project Path="RewardFlow.UnitTest\RewardFlow.UnitTest.csproj" />
</Solution>
