
Microsoft Visual Studio Solution File, Format Version 12.00
# Visual Studio Version 17
VisualStudioVersion = 17.14.36301.6
MinimumVisualStudioVersion = 10.0.40219.1
Project("{FAE04EC0-301F-11D3-BF4B-00C04F79EFBC}") = "Reward_Flow_v2", "Reward_Flow_v2.csproj", "{0DA154AB-2C19-4568-8100-A9B7056E6798}"
EndProject
Project("{2150E333-8FDC-42A3-9474-1A3956D46DE8}") = "Solution Items", "Solution Items", "{02EA681E-C7D8-13C7-8484-4AC65E1B71E8}"
	ProjectSection(SolutionItems) = preProject
		.editorconfig = .editorconfig
	EndProjectSection
EndProject
Global
	GlobalSection(SolutionConfigurationPlatforms) = preSolution
		Debug|Any CPU = Debug|Any CPU
		Release|Any CPU = Release|Any CPU
	EndGlobalSection
	GlobalSection(ProjectConfigurationPlatforms) = postSolution
		{0DA154AB-2C19-4568-8100-A9B7056E6798}.Debug|Any CPU.ActiveCfg = Debug|Any CPU
		{0DA154AB-2C19-4568-8100-A9B7056E6798}.Debug|Any CPU.Build.0 = Debug|Any CPU
		{0DA154AB-2C19-4568-8100-A9B7056E6798}.Release|Any CPU.ActiveCfg = Release|Any CPU
		{0DA154AB-2C19-4568-8100-A9B7056E6798}.Release|Any CPU.Build.0 = Release|Any CPU
	EndGlobalSection
	GlobalSection(SolutionProperties) = preSolution
		HideSolutionNode = FALSE
	EndGlobalSection
	GlobalSection(ExtensibilityGlobals) = postSolution
		SolutionGuid = {0EF0F244-C108-4140-BFD7-0C2E35DEC55F}
	EndGlobalSection
EndGlobal
