<Solution>
  <Folder Name="/Solution Items/">
    <File Path="deploy\.dockerignore" />
    <File Path="deploy\docker-compose.yaml" />
    <File Path="README.md" />
  </Folder>
  <Project Path="src/RewardFlow.API/RewardFlow.API.csproj" />
  <Project Path="src/RewardFlow.IntegrationTests/RewardFlow.IntegrationTests.csproj" />
  <Project Path="src/RewardFlow.UnitTest/RewardFlow.UnitTest.csproj" />
</Solution>
